
Microsoft Visual Studio Solution File, Format Version 12.00
# Visual Studio Version 17
VisualStudioVersion = 17.3.32922.545
MinimumVisualStudioVersion = 10.0.40219.1
Project("{FAE04EC0-301F-11D3-BF4B-00C04F79EFBC}") = "WinFormsApp_PlatrofmBall_2024_winter", "WinFormsApp_PlatrofmBall_2024_winter\WinFormsApp_PlatrofmBall_2024_winter.csproj", "{3435FE34-3F96-4020-9DDD-0BD1A9AB8633}"
EndProject
Global
	GlobalSection(SolutionConfigurationPlatforms) = preSolution
		Debug|Any CPU = Debug|Any CPU
		Release|Any CPU = Release|Any CPU
	EndGlobalSection
	GlobalSection(ProjectConfigurationPlatforms) = postSolution
		{3435FE34-3F96-4020-9DDD-0BD1A9AB8633}.Debug|Any CPU.ActiveCfg = Debug|Any CPU
		{3435FE34-3F96-4020-9DDD-0BD1A9AB8633}.Debug|Any CPU.Build.0 = Debug|Any CPU
		{3435FE34-3F96-4020-9DDD-0BD1A9AB8633}.Release|Any CPU.ActiveCfg = Release|Any CPU
		{3435FE34-3F96-4020-9DDD-0BD1A9AB8633}.Release|Any CPU.Build.0 = Release|Any CPU
	EndGlobalSection
	GlobalSection(SolutionProperties) = preSolution
		HideSolutionNode = FALSE
	EndGlobalSection
	GlobalSection(ExtensibilityGlobals) = postSolution
		SolutionGuid = {FB78E9D8-2F1C-491E-9619-F49C8521A237}
	EndGlobalSection
EndGlobal
